// !$*UTF8*$!
{
	archiveVersion = 1;
	classes = {
	};
	objectVersion = 46;
	objects = {

/* Begin PBXBuildFile section */
		7625BA6C1B3C01B600D53440 /* CMDropdownButton.m in Sources */ = {isa = PBXBuildFile; fileRef = 7625BA6B1B3C01B600D53440 /* CMDropdownButton.m */; };
		76386F0A1B33A4B800E8A115 /* CMRoundSegmentedThumb.m in Sources */ = {isa = PBXBuildFile; fileRef = 76386F091B33A4B800E8A115 /* CMRoundSegmentedThumb.m */; };
		764C8C9B1B38E5FF00FF2F51 /* MainPOIListViewController.m in Sources */ = {isa = PBXBuildFile; fileRef = 764C8C9A1B38E5FF00FF2F51 /* MainPOIListViewController.m */; };
		764C8C9E1B38E68D00FF2F51 /* CMRoundBtn.m in Sources */ = {isa = PBXBuildFile; fileRef = 764C8C9D1B38E68D00FF2F51 /* CMRoundBtn.m */; };
		764C8CA21B3924DD00FF2F51 /* MainListTableViewCell.m in Sources */ = {isa = PBXBuildFile; fileRef = 764C8CA11B3924DD00FF2F51 /* MainListTableViewCell.m */; };
		764C8CA51B393C5200FF2F51 /* NSString+Expanded.m in Sources */ = {isa = PBXBuildFile; fileRef = 764C8CA41B393C5200FF2F51 /* NSString+Expanded.m */; };
		764C8CA81B39455200FF2F51 /* AddPOIViewController.m in Sources */ = {isa = PBXBuildFile; fileRef = 764C8CA71B39455200FF2F51 /* AddPOIViewController.m */; };
		7658F4701B325FFF00E41A0B /* main.m in Sources */ = {isa = PBXBuildFile; fileRef = 7658F46F1B325FFF00E41A0B /* main.m */; };
		7658F4731B325FFF00E41A0B /* AppDelegate.m in Sources */ = {isa = PBXBuildFile; fileRef = 7658F4721B325FFF00E41A0B /* AppDelegate.m */; };
		7658F4761B325FFF00E41A0B /* POICollect.xcdatamodeld in Sources */ = {isa = PBXBuildFile; fileRef = 7658F4741B325FFF00E41A0B /* POICollect.xcdatamodeld */; };
		7658F47C1B325FFF00E41A0B /* Main.storyboard in Resources */ = {isa = PBXBuildFile; fileRef = 7658F47A1B325FFF00E41A0B /* Main.storyboard */; };
		7658F47E1B325FFF00E41A0B /* Images.xcassets in Resources */ = {isa = PBXBuildFile; fileRef = 7658F47D1B325FFF00E41A0B /* Images.xcassets */; };
		7658F4811B325FFF00E41A0B /* LaunchScreen.xib in Resources */ = {isa = PBXBuildFile; fileRef = 7658F47F1B325FFF00E41A0B /* LaunchScreen.xib */; };
		7658F48D1B325FFF00E41A0B /* POICollectTests.m in Sources */ = {isa = PBXBuildFile; fileRef = 7658F48C1B325FFF00E41A0B /* POICollectTests.m */; };
		7658F4A31B3261EE00E41A0B /* BaseViewController.m in Sources */ = {isa = PBXBuildFile; fileRef = 7658F4A21B3261EE00E41A0B /* BaseViewController.m */; };
		7658F4A91B32698E00E41A0B /* UIColor+Expanded.m in Sources */ = {isa = PBXBuildFile; fileRef = 7658F4A81B32698E00E41A0B /* UIColor+Expanded.m */; };
		76615EAB1B3CDD190064BCB0 /* CMDropdownButtonArrowView.m in Sources */ = {isa = PBXBuildFile; fileRef = 76615EAA1B3CDD190064BCB0 /* CMDropdownButtonArrowView.m */; };
		76615EAE1B3CFC6C0064BCB0 /* CMDropdownButtonTableViewCell.m in Sources */ = {isa = PBXBuildFile; fileRef = 76615EAD1B3CFC6C0064BCB0 /* CMDropdownButtonTableViewCell.m */; };
		76615EB11B3CFF7E0064BCB0 /* UITableView+Expanded.m in Sources */ = {isa = PBXBuildFile; fileRef = 76615EB01B3CFF7E0064BCB0 /* UITableView+Expanded.m */; };
		76615EB41B3D41150064BCB0 /* CMPhotoPickButton.m in Sources */ = {isa = PBXBuildFile; fileRef = 76615EB31B3D41150064BCB0 /* CMPhotoPickButton.m */; };
		76615EC11B3D4E840064BCB0 /* CMPhotoPickerViewController.m in Sources */ = {isa = PBXBuildFile; fileRef = 76615EC01B3D4E840064BCB0 /* CMPhotoPickerViewController.m */; };
		766CC7031B328DA800DCFFB4 /* CMThemeKit.m in Sources */ = {isa = PBXBuildFile; fileRef = 766CC7021B328DA800DCFFB4 /* CMThemeKit.m */; };
		766CC7061B329BB200DCFFB4 /* LoginViewController.m in Sources */ = {isa = PBXBuildFile; fileRef = 766CC7051B329BB200DCFFB4 /* LoginViewController.m */; };
		766CC70A1B32A3E000DCFFB4 /* CMRoundSegmentControl.m in Sources */ = {isa = PBXBuildFile; fileRef = 766CC7091B32A3E000DCFFB4 /* CMRoundSegmentControl.m */; };
		7685EA711B3A445B00AD1645 /* CMCustomCircleAnimation.m in Sources */ = {isa = PBXBuildFile; fileRef = 7685EA701B3A445B00AD1645 /* CMCustomCircleAnimation.m */; };
		7685EA741B3A45BA00AD1645 /* CMCustomBaseAnimation.m in Sources */ = {isa = PBXBuildFile; fileRef = 7685EA731B3A45BA00AD1645 /* CMCustomBaseAnimation.m */; };
		7685EA771B3A5E1200AD1645 /* main_bg.png in Resources */ = {isa = PBXBuildFile; fileRef = 7685EA761B3A5E1200AD1645 /* main_bg.png */; };
		7685EA7B1B3A761200AD1645 /* name_ico.png in Resources */ = {isa = PBXBuildFile; fileRef = 7685EA791B3A761200AD1645 /* name_ico.png */; };
		7685EA7C1B3A761200AD1645 /* pass_ico.png in Resources */ = {isa = PBXBuildFile; fileRef = 7685EA7A1B3A761200AD1645 /* pass_ico.png */; };
		769BD6891B34194F0089FB39 /* LoginView.m in Sources */ = {isa = PBXBuildFile; fileRef = 769BD6881B34194F0089FB39 /* LoginView.m */; };
		769BD68C1B3419660089FB39 /* RegisterView.m in Sources */ = {isa = PBXBuildFile; fileRef = 769BD68B1B3419660089FB39 /* RegisterView.m */; };
		76E7CBFA1B3B897A00D0BBED /* CMSimpleCheckBoxBtn.m in Sources */ = {isa = PBXBuildFile; fileRef = 76E7CBF91B3B897A00D0BBED /* CMSimpleCheckBoxBtn.m */; };
		76E7CBFD1B3BC70C00D0BBED /* CMCustomWithButtonTextfield.m in Sources */ = {isa = PBXBuildFile; fileRef = 76E7CBFC1B3BC70C00D0BBED /* CMCustomWithButtonTextfield.m */; };
		A100F86D1B35577400271B2E /* CMPageView.m in Sources */ = {isa = PBXBuildFile; fileRef = A100F86C1B35577400271B2E /* CMPageView.m */; };
		A100F8701B35B5B100271B2E /* UIView+CMExpened.m in Sources */ = {isa = PBXBuildFile; fileRef = A100F86F1B35B5B100271B2E /* UIView+CMExpened.m */; };
		A1CB74781B3694C400EF062B /* CMSimpleTextView.m in Sources */ = {isa = PBXBuildFile; fileRef = A1CB74771B3694C400EF062B /* CMSimpleTextView.m */; };
		A1CD5A3D1B37B34B008BC36A /* CMSimpleButton.m in Sources */ = {isa = PBXBuildFile; fileRef = A1CD5A3C1B37B34B008BC36A /* CMSimpleButton.m */; };
		A1CD5A401B37C27D008BC36A /* UIImage+Expanded.m in Sources */ = {isa = PBXBuildFile; fileRef = A1CD5A3F1B37C27D008BC36A /* UIImage+Expanded.m */; };
		A1CD5A441B384155008BC36A /* CMCustomAnimation.m in Sources */ = {isa = PBXBuildFile; fileRef = A1CD5A431B384155008BC36A /* CMCustomAnimation.m */; };
		A1CD5A471B384490008BC36A /* TestAnimationViewController.m in Sources */ = {isa = PBXBuildFile; fileRef = A1CD5A461B384490008BC36A /* TestAnimationViewController.m */; };
		A1CD5A4D1B384B4F008BC36A /* CMCustomPopAnimation.m in Sources */ = {isa = PBXBuildFile; fileRef = A1CD5A4C1B384B4F008BC36A /* CMCustomPopAnimation.m */; };
		FCA9D93553FE54FD075523F3 /* libPods.a in Frameworks */ = {isa = PBXBuildFile; fileRef = 6F54E2C1591D38029EA79878 /* libPods.a */; };
/* End PBXBuildFile section */

/* Begin PBXContainerItemProxy section */
		7658F4871B325FFF00E41A0B /* PBXContainerItemProxy */ = {
			isa = PBXContainerItemProxy;
			containerPortal = 7658F4621B325FFF00E41A0B /* Project object */;
			proxyType = 1;
			remoteGlobalIDString = 7658F4691B325FFF00E41A0B;
			remoteInfo = POICollect;
		};
/* End PBXContainerItemProxy section */

/* Begin PBXFileReference section */
		3F88B26D608DC3CEEF691C2B /* Pods.release.xcconfig */ = {isa = PBXFileReference; includeInIndex = 1; lastKnownFileType = text.xcconfig; name = Pods.release.xcconfig; path = "Pods/Target Support Files/Pods/Pods.release.xcconfig"; sourceTree = "<group>"; };
		6F54E2C1591D38029EA79878 /* libPods.a */ = {isa = PBXFileReference; explicitFileType = archive.ar; includeInIndex = 0; path = libPods.a; sourceTree = BUILT_PRODUCTS_DIR; };
		7625BA6A1B3C01B600D53440 /* CMDropdownButton.h */ = {isa = PBXFileReference; fileEncoding = 4; lastKnownFileType = sourcecode.c.h; name = CMDropdownButton.h; path = Venders/CMDropDownButton/CMDropdownButton.h; sourceTree = "<group>"; };
		7625BA6B1B3C01B600D53440 /* CMDropdownButton.m */ = {isa = PBXFileReference; fileEncoding = 4; lastKnownFileType = sourcecode.c.objc; name = CMDropdownButton.m; path = Venders/CMDropDownButton/CMDropdownButton.m; sourceTree = "<group>"; };
		76386F081B33A4B800E8A115 /* CMRoundSegmentedThumb.h */ = {isa = PBXFileReference; fileEncoding = 4; lastKnownFileType = sourcecode.c.h; name = CMRoundSegmentedThumb.h; path = Venders/CMRoundSegmentControl/CMRoundSegmentedThumb.h; sourceTree = "<group>"; };
		76386F091B33A4B800E8A115 /* CMRoundSegmentedThumb.m */ = {isa = PBXFileReference; fileEncoding = 4; lastKnownFileType = sourcecode.c.objc; name = CMRoundSegmentedThumb.m; path = Venders/CMRoundSegmentControl/CMRoundSegmentedThumb.m; sourceTree = "<group>"; };
		764C8C991B38E5FF00FF2F51 /* MainPOIListViewController.h */ = {isa = PBXFileReference; fileEncoding = 4; lastKnownFileType = sourcecode.c.h; name = MainPOIListViewController.h; path = Controllers/MainPOIListViewController.h; sourceTree = "<group>"; };
		764C8C9A1B38E5FF00FF2F51 /* MainPOIListViewController.m */ = {isa = PBXFileReference; fileEncoding = 4; lastKnownFileType = sourcecode.c.objc; name = MainPOIListViewController.m; path = Controllers/MainPOIListViewController.m; sourceTree = "<group>"; };
		764C8C9C1B38E68D00FF2F51 /* CMRoundBtn.h */ = {isa = PBXFileReference; fileEncoding = 4; lastKnownFileType = sourcecode.c.h; name = CMRoundBtn.h; path = Views/Compnents/CMRoundBtn.h; sourceTree = "<group>"; };
		764C8C9D1B38E68D00FF2F51 /* CMRoundBtn.m */ = {isa = PBXFileReference; fileEncoding = 4; lastKnownFileType = sourcecode.c.objc; name = CMRoundBtn.m; path = Views/Compnents/CMRoundBtn.m; sourceTree = "<group>"; };
		764C8CA01B3924DD00FF2F51 /* MainListTableViewCell.h */ = {isa = PBXFileReference; fileEncoding = 4; lastKnownFileType = sourcecode.c.h; name = MainListTableViewCell.h; path = Views/Cells/MainListTableViewCell.h; sourceTree = "<group>"; };
		764C8CA11B3924DD00FF2F51 /* MainListTableViewCell.m */ = {isa = PBXFileReference; fileEncoding = 4; lastKnownFileType = sourcecode.c.objc; name = MainListTableViewCell.m; path = Views/Cells/MainListTableViewCell.m; sourceTree = "<group>"; };
		764C8CA31B393C5200FF2F51 /* NSString+Expanded.h */ = {isa = PBXFileReference; fileEncoding = 4; lastKnownFileType = sourcecode.c.h; name = "NSString+Expanded.h"; path = "Utils/Categories/NSString+Expanded.h"; sourceTree = "<group>"; };
		764C8CA41B393C5200FF2F51 /* NSString+Expanded.m */ = {isa = PBXFileReference; fileEncoding = 4; lastKnownFileType = sourcecode.c.objc; name = "NSString+Expanded.m"; path = "Utils/Categories/NSString+Expanded.m"; sourceTree = "<group>"; };
		764C8CA61B39455200FF2F51 /* AddPOIViewController.h */ = {isa = PBXFileReference; fileEncoding = 4; lastKnownFileType = sourcecode.c.h; name = AddPOIViewController.h; path = Controllers/AddPOIViewController.h; sourceTree = "<group>"; };
		764C8CA71B39455200FF2F51 /* AddPOIViewController.m */ = {isa = PBXFileReference; fileEncoding = 4; lastKnownFileType = sourcecode.c.objc; name = AddPOIViewController.m; path = Controllers/AddPOIViewController.m; sourceTree = "<group>"; };
		7658F46A1B325FFF00E41A0B /* POICollect.app */ = {isa = PBXFileReference; explicitFileType = wrapper.application; includeInIndex = 0; path = POICollect.app; sourceTree = BUILT_PRODUCTS_DIR; };
		7658F46E1B325FFF00E41A0B /* Info.plist */ = {isa = PBXFileReference; lastKnownFileType = text.plist.xml; path = Info.plist; sourceTree = "<group>"; };
		7658F46F1B325FFF00E41A0B /* main.m */ = {isa = PBXFileReference; lastKnownFileType = sourcecode.c.objc; path = main.m; sourceTree = "<group>"; };
		7658F4711B325FFF00E41A0B /* AppDelegate.h */ = {isa = PBXFileReference; lastKnownFileType = sourcecode.c.h; path = AppDelegate.h; sourceTree = "<group>"; };
		7658F4721B325FFF00E41A0B /* AppDelegate.m */ = {isa = PBXFileReference; lastKnownFileType = sourcecode.c.objc; path = AppDelegate.m; sourceTree = "<group>"; };
		7658F4751B325FFF00E41A0B /* POICollect.xcdatamodel */ = {isa = PBXFileReference; lastKnownFileType = wrapper.xcdatamodel; path = POICollect.xcdatamodel; sourceTree = "<group>"; };
		7658F47B1B325FFF00E41A0B /* Base */ = {isa = PBXFileReference; lastKnownFileType = file.storyboard; name = Base; path = Base.lproj/Main.storyboard; sourceTree = "<group>"; };
		7658F47D1B325FFF00E41A0B /* Images.xcassets */ = {isa = PBXFileReference; lastKnownFileType = folder.assetcatalog; path = Images.xcassets; sourceTree = "<group>"; };
		7658F4801B325FFF00E41A0B /* Base */ = {isa = PBXFileReference; lastKnownFileType = file.xib; name = Base; path = Base.lproj/LaunchScreen.xib; sourceTree = "<group>"; };
		7658F4861B325FFF00E41A0B /* POICollectTests.xctest */ = {isa = PBXFileReference; explicitFileType = wrapper.cfbundle; includeInIndex = 0; path = POICollectTests.xctest; sourceTree = BUILT_PRODUCTS_DIR; };
		7658F48B1B325FFF00E41A0B /* Info.plist */ = {isa = PBXFileReference; lastKnownFileType = text.plist.xml; path = Info.plist; sourceTree = "<group>"; };
		7658F48C1B325FFF00E41A0B /* POICollectTests.m */ = {isa = PBXFileReference; lastKnownFileType = sourcecode.c.objc; path = POICollectTests.m; sourceTree = "<group>"; };
		7658F4A11B3261EE00E41A0B /* BaseViewController.h */ = {isa = PBXFileReference; fileEncoding = 4; lastKnownFileType = sourcecode.c.h; name = BaseViewController.h; path = Controllers/Base/BaseViewController.h; sourceTree = "<group>"; };
		7658F4A21B3261EE00E41A0B /* BaseViewController.m */ = {isa = PBXFileReference; fileEncoding = 4; lastKnownFileType = sourcecode.c.objc; name = BaseViewController.m; path = Controllers/Base/BaseViewController.m; sourceTree = "<group>"; };
		7658F4A51B32627100E41A0B /* POICollect-PrefixHeader.pch */ = {isa = PBXFileReference; lastKnownFileType = sourcecode.c.h; path = "POICollect-PrefixHeader.pch"; sourceTree = "<group>"; };
		7658F4A71B32698E00E41A0B /* UIColor+Expanded.h */ = {isa = PBXFileReference; fileEncoding = 4; lastKnownFileType = sourcecode.c.h; name = "UIColor+Expanded.h"; path = "Utils/Categories/UIColor+Expanded.h"; sourceTree = "<group>"; };
		7658F4A81B32698E00E41A0B /* UIColor+Expanded.m */ = {isa = PBXFileReference; fileEncoding = 4; lastKnownFileType = sourcecode.c.objc; name = "UIColor+Expanded.m"; path = "Utils/Categories/UIColor+Expanded.m"; sourceTree = "<group>"; };
		76615EA91B3CDD190064BCB0 /* CMDropdownButtonArrowView.h */ = {isa = PBXFileReference; fileEncoding = 4; lastKnownFileType = sourcecode.c.h; name = CMDropdownButtonArrowView.h; path = Venders/CMDropDownButton/CMDropdownButtonArrowView.h; sourceTree = "<group>"; };
		76615EAA1B3CDD190064BCB0 /* CMDropdownButtonArrowView.m */ = {isa = PBXFileReference; fileEncoding = 4; lastKnownFileType = sourcecode.c.objc; name = CMDropdownButtonArrowView.m; path = Venders/CMDropDownButton/CMDropdownButtonArrowView.m; sourceTree = "<group>"; };
		76615EAC1B3CFC6C0064BCB0 /* CMDropdownButtonTableViewCell.h */ = {isa = PBXFileReference; fileEncoding = 4; lastKnownFileType = sourcecode.c.h; name = CMDropdownButtonTableViewCell.h; path = Venders/CMDropDownButton/CMDropdownButtonTableViewCell.h; sourceTree = "<group>"; };
		76615EAD1B3CFC6C0064BCB0 /* CMDropdownButtonTableViewCell.m */ = {isa = PBXFileReference; fileEncoding = 4; lastKnownFileType = sourcecode.c.objc; name = CMDropdownButtonTableViewCell.m; path = Venders/CMDropDownButton/CMDropdownButtonTableViewCell.m; sourceTree = "<group>"; };
		76615EAF1B3CFF7E0064BCB0 /* UITableView+Expanded.h */ = {isa = PBXFileReference; fileEncoding = 4; lastKnownFileType = sourcecode.c.h; name = "UITableView+Expanded.h"; path = "Utils/Categories/UITableView+Expanded.h"; sourceTree = "<group>"; };
		76615EB01B3CFF7E0064BCB0 /* UITableView+Expanded.m */ = {isa = PBXFileReference; fileEncoding = 4; lastKnownFileType = sourcecode.c.objc; name = "UITableView+Expanded.m"; path = "Utils/Categories/UITableView+Expanded.m"; sourceTree = "<group>"; };
		76615EB21B3D41150064BCB0 /* CMPhotoPickButton.h */ = {isa = PBXFileReference; fileEncoding = 4; lastKnownFileType = sourcecode.c.h; name = CMPhotoPickButton.h; path = Views/Compnents/CMPhotoPickButton.h; sourceTree = "<group>"; };
		76615EB31B3D41150064BCB0 /* CMPhotoPickButton.m */ = {isa = PBXFileReference; fileEncoding = 4; lastKnownFileType = sourcecode.c.objc; name = CMPhotoPickButton.m; path = Views/Compnents/CMPhotoPickButton.m; sourceTree = "<group>"; };
		76615EB61B3D4CC20064BCB0 /* CMPhotoKit.h */ = {isa = PBXFileReference; fileEncoding = 4; lastKnownFileType = sourcecode.c.h; name = CMPhotoKit.h; path = Venders/CMPhotoKit/CMPhotoKit.h; sourceTree = "<group>"; };
		76615EBF1B3D4E840064BCB0 /* CMPhotoPickerViewController.h */ = {isa = PBXFileReference; fileEncoding = 4; lastKnownFileType = sourcecode.c.h; name = CMPhotoPickerViewController.h; path = Venders/CMPhotoKit/CMPhotoPicker/Controllers/CMPhotoPickerViewController.h; sourceTree = "<group>"; };
		76615EC01B3D4E840064BCB0 /* CMPhotoPickerViewController.m */ = {isa = PBXFileReference; fileEncoding = 4; lastKnownFileType = sourcecode.c.objc; name = CMPhotoPickerViewController.m; path = Venders/CMPhotoKit/CMPhotoPicker/Controllers/CMPhotoPickerViewController.m; sourceTree = "<group>"; };
		766CC7011B328DA800DCFFB4 /* CMThemeKit.h */ = {isa = PBXFileReference; fileEncoding = 4; lastKnownFileType = sourcecode.c.h; name = CMThemeKit.h; path = Venders/CMThemeKit/CMThemeKit.h; sourceTree = "<group>"; };
		766CC7021B328DA800DCFFB4 /* CMThemeKit.m */ = {isa = PBXFileReference; fileEncoding = 4; lastKnownFileType = sourcecode.c.objc; name = CMThemeKit.m; path = Venders/CMThemeKit/CMThemeKit.m; sourceTree = "<group>"; };
		766CC7041B329BB200DCFFB4 /* LoginViewController.h */ = {isa = PBXFileReference; fileEncoding = 4; lastKnownFileType = sourcecode.c.h; name = LoginViewController.h; path = Controllers/Login/LoginViewController.h; sourceTree = "<group>"; };
		766CC7051B329BB200DCFFB4 /* LoginViewController.m */ = {isa = PBXFileReference; fileEncoding = 4; lastKnownFileType = sourcecode.c.objc; name = LoginViewController.m; path = Controllers/Login/LoginViewController.m; sourceTree = "<group>"; };
		766CC7081B32A3E000DCFFB4 /* CMRoundSegmentControl.h */ = {isa = PBXFileReference; fileEncoding = 4; lastKnownFileType = sourcecode.c.h; name = CMRoundSegmentControl.h; path = Venders/CMRoundSegmentControl/CMRoundSegmentControl.h; sourceTree = "<group>"; };
		766CC7091B32A3E000DCFFB4 /* CMRoundSegmentControl.m */ = {isa = PBXFileReference; fileEncoding = 4; lastKnownFileType = sourcecode.c.objc; name = CMRoundSegmentControl.m; path = Venders/CMRoundSegmentControl/CMRoundSegmentControl.m; sourceTree = "<group>"; };
		7685EA6F1B3A445B00AD1645 /* CMCustomCircleAnimation.h */ = {isa = PBXFileReference; fileEncoding = 4; lastKnownFileType = sourcecode.c.h; name = CMCustomCircleAnimation.h; path = Utils/Animations/CMCustomCircleAnimation.h; sourceTree = "<group>"; };
		7685EA701B3A445B00AD1645 /* CMCustomCircleAnimation.m */ = {isa = PBXFileReference; fileEncoding = 4; lastKnownFileType = sourcecode.c.objc; name = CMCustomCircleAnimation.m; path = Utils/Animations/CMCustomCircleAnimation.m; sourceTree = "<group>"; };
		7685EA721B3A45BA00AD1645 /* CMCustomBaseAnimation.h */ = {isa = PBXFileReference; fileEncoding = 4; lastKnownFileType = sourcecode.c.h; name = CMCustomBaseAnimation.h; path = Utils/Animations/CMCustomBaseAnimation.h; sourceTree = "<group>"; };
		7685EA731B3A45BA00AD1645 /* CMCustomBaseAnimation.m */ = {isa = PBXFileReference; fileEncoding = 4; lastKnownFileType = sourcecode.c.objc; name = CMCustomBaseAnimation.m; path = Utils/Animations/CMCustomBaseAnimation.m; sourceTree = "<group>"; };
		7685EA761B3A5E1200AD1645 /* main_bg.png */ = {isa = PBXFileReference; lastKnownFileType = image.png; name = main_bg.png; path = Resources/Backgrounds/main_bg.png; sourceTree = "<group>"; };
		7685EA791B3A761200AD1645 /* name_ico.png */ = {isa = PBXFileReference; lastKnownFileType = image.png; name = name_ico.png; path = Resources/Logins/name_ico.png; sourceTree = "<group>"; };
		7685EA7A1B3A761200AD1645 /* pass_ico.png */ = {isa = PBXFileReference; lastKnownFileType = image.png; name = pass_ico.png; path = Resources/Logins/pass_ico.png; sourceTree = "<group>"; };
		769BD6871B34194F0089FB39 /* LoginView.h */ = {isa = PBXFileReference; fileEncoding = 4; lastKnownFileType = sourcecode.c.h; name = LoginView.h; path = Views/Pages/LoginView.h; sourceTree = "<group>"; };
		769BD6881B34194F0089FB39 /* LoginView.m */ = {isa = PBXFileReference; fileEncoding = 4; lastKnownFileType = sourcecode.c.objc; name = LoginView.m; path = Views/Pages/LoginView.m; sourceTree = "<group>"; };
		769BD68A1B3419660089FB39 /* RegisterView.h */ = {isa = PBXFileReference; fileEncoding = 4; lastKnownFileType = sourcecode.c.h; name = RegisterView.h; path = Views/Pages/RegisterView.h; sourceTree = "<group>"; };
		769BD68B1B3419660089FB39 /* RegisterView.m */ = {isa = PBXFileReference; fileEncoding = 4; lastKnownFileType = sourcecode.c.objc; name = RegisterView.m; path = Views/Pages/RegisterView.m; sourceTree = "<group>"; };
		76E7CBF81B3B897A00D0BBED /* CMSimpleCheckBoxBtn.h */ = {isa = PBXFileReference; fileEncoding = 4; lastKnownFileType = sourcecode.c.h; name = CMSimpleCheckBoxBtn.h; path = Views/Compnents/CMSimpleCheckBoxBtn.h; sourceTree = "<group>"; };
		76E7CBF91B3B897A00D0BBED /* CMSimpleCheckBoxBtn.m */ = {isa = PBXFileReference; fileEncoding = 4; lastKnownFileType = sourcecode.c.objc; name = CMSimpleCheckBoxBtn.m; path = Views/Compnents/CMSimpleCheckBoxBtn.m; sourceTree = "<group>"; };
		76E7CBFB1B3BC70C00D0BBED /* CMCustomWithButtonTextfield.h */ = {isa = PBXFileReference; fileEncoding = 4; lastKnownFileType = sourcecode.c.h; name = CMCustomWithButtonTextfield.h; path = Views/Compnents/CMCustomWithButtonTextfield.h; sourceTree = "<group>"; };
		76E7CBFC1B3BC70C00D0BBED /* CMCustomWithButtonTextfield.m */ = {isa = PBXFileReference; fileEncoding = 4; lastKnownFileType = sourcecode.c.objc; name = CMCustomWithButtonTextfield.m; path = Views/Compnents/CMCustomWithButtonTextfield.m; sourceTree = "<group>"; };
		A100F86B1B35577400271B2E /* CMPageView.h */ = {isa = PBXFileReference; fileEncoding = 4; lastKnownFileType = sourcecode.c.h; name = CMPageView.h; path = Views/Compnents/CMPageView.h; sourceTree = "<group>"; };
		A100F86C1B35577400271B2E /* CMPageView.m */ = {isa = PBXFileReference; fileEncoding = 4; lastKnownFileType = sourcecode.c.objc; name = CMPageView.m; path = Views/Compnents/CMPageView.m; sourceTree = "<group>"; };
		A100F86E1B35B5B100271B2E /* UIView+CMExpened.h */ = {isa = PBXFileReference; fileEncoding = 4; lastKnownFileType = sourcecode.c.h; name = "UIView+CMExpened.h"; path = "Utils/Categories/UIView+CMExpened.h"; sourceTree = "<group>"; };
		A100F86F1B35B5B100271B2E /* UIView+CMExpened.m */ = {isa = PBXFileReference; fileEncoding = 4; lastKnownFileType = sourcecode.c.objc; name = "UIView+CMExpened.m"; path = "Utils/Categories/UIView+CMExpened.m"; sourceTree = "<group>"; };
		A1CB74761B3694C400EF062B /* CMSimpleTextView.h */ = {isa = PBXFileReference; fileEncoding = 4; lastKnownFileType = sourcecode.c.h; name = CMSimpleTextView.h; path = Views/Compnents/CMSimpleTextView.h; sourceTree = "<group>"; };
		A1CB74771B3694C400EF062B /* CMSimpleTextView.m */ = {isa = PBXFileReference; fileEncoding = 4; lastKnownFileType = sourcecode.c.objc; name = CMSimpleTextView.m; path = Views/Compnents/CMSimpleTextView.m; sourceTree = "<group>"; };
		A1CD5A3B1B37B34B008BC36A /* CMSimpleButton.h */ = {isa = PBXFileReference; fileEncoding = 4; lastKnownFileType = sourcecode.c.h; name = CMSimpleButton.h; path = Views/Compnents/CMSimpleButton.h; sourceTree = "<group>"; };
		A1CD5A3C1B37B34B008BC36A /* CMSimpleButton.m */ = {isa = PBXFileReference; fileEncoding = 4; lastKnownFileType = sourcecode.c.objc; name = CMSimpleButton.m; path = Views/Compnents/CMSimpleButton.m; sourceTree = "<group>"; };
		A1CD5A3E1B37C27D008BC36A /* UIImage+Expanded.h */ = {isa = PBXFileReference; fileEncoding = 4; lastKnownFileType = sourcecode.c.h; name = "UIImage+Expanded.h"; path = "Utils/Categories/UIImage+Expanded.h"; sourceTree = "<group>"; };
		A1CD5A3F1B37C27D008BC36A /* UIImage+Expanded.m */ = {isa = PBXFileReference; fileEncoding = 4; lastKnownFileType = sourcecode.c.objc; name = "UIImage+Expanded.m"; path = "Utils/Categories/UIImage+Expanded.m"; sourceTree = "<group>"; };
		A1CD5A421B384155008BC36A /* CMCustomAnimation.h */ = {isa = PBXFileReference; fileEncoding = 4; lastKnownFileType = sourcecode.c.h; name = CMCustomAnimation.h; path = Utils/Animations/CMCustomAnimation.h; sourceTree = "<group>"; };
		A1CD5A431B384155008BC36A /* CMCustomAnimation.m */ = {isa = PBXFileReference; fileEncoding = 4; lastKnownFileType = sourcecode.c.objc; name = CMCustomAnimation.m; path = Utils/Animations/CMCustomAnimation.m; sourceTree = "<group>"; };
		A1CD5A451B384490008BC36A /* TestAnimationViewController.h */ = {isa = PBXFileReference; fileEncoding = 4; lastKnownFileType = sourcecode.c.h; name = TestAnimationViewController.h; path = Controllers/Login/TestAnimationViewController.h; sourceTree = "<group>"; };
		A1CD5A461B384490008BC36A /* TestAnimationViewController.m */ = {isa = PBXFileReference; fileEncoding = 4; lastKnownFileType = sourcecode.c.objc; name = TestAnimationViewController.m; path = Controllers/Login/TestAnimationViewController.m; sourceTree = "<group>"; };
		A1CD5A4B1B384B4F008BC36A /* CMCustomPopAnimation.h */ = {isa = PBXFileReference; fileEncoding = 4; lastKnownFileType = sourcecode.c.h; name = CMCustomPopAnimation.h; path = Utils/Animations/CMCustomPopAnimation.h; sourceTree = "<group>"; };
		A1CD5A4C1B384B4F008BC36A /* CMCustomPopAnimation.m */ = {isa = PBXFileReference; fileEncoding = 4; lastKnownFileType = sourcecode.c.objc; name = CMCustomPopAnimation.m; path = Utils/Animations/CMCustomPopAnimation.m; sourceTree = "<group>"; };
		E894C5602C63A8F560BB3637 /* Pods.debug.xcconfig */ = {isa = PBXFileReference; includeInIndex = 1; lastKnownFileType = text.xcconfig; name = Pods.debug.xcconfig; path = "Pods/Target Support Files/Pods/Pods.debug.xcconfig"; sourceTree = "<group>"; };
/* End PBXFileReference section */

/* Begin PBXFrameworksBuildPhase section */
		7658F4671B325FFF00E41A0B /* Frameworks */ = {
			isa = PBXFrameworksBuildPhase;
			buildActionMask = 2147483647;
			files = (
				FCA9D93553FE54FD075523F3 /* libPods.a in Frameworks */,
			);
			runOnlyForDeploymentPostprocessing = 0;
		};
		7658F4831B325FFF00E41A0B /* Frameworks */ = {
			isa = PBXFrameworksBuildPhase;
			buildActionMask = 2147483647;
			files = (
			);
			runOnlyForDeploymentPostprocessing = 0;
		};
/* End PBXFrameworksBuildPhase section */

/* Begin PBXGroup section */
		7625BA691B3C015C00D53440 /* CMDropDownButton */ = {
			isa = PBXGroup;
			children = (
				7625BA6A1B3C01B600D53440 /* CMDropdownButton.h */,
				7625BA6B1B3C01B600D53440 /* CMDropdownButton.m */,
				76615EA91B3CDD190064BCB0 /* CMDropdownButtonArrowView.h */,
				76615EAA1B3CDD190064BCB0 /* CMDropdownButtonArrowView.m */,
				76615EAC1B3CFC6C0064BCB0 /* CMDropdownButtonTableViewCell.h */,
				76615EAD1B3CFC6C0064BCB0 /* CMDropdownButtonTableViewCell.m */,
			);
			name = CMDropDownButton;
			sourceTree = "<group>";
		};
		764C8C9F1B39248A00FF2F51 /* Cells */ = {
			isa = PBXGroup;
			children = (
				764C8CA01B3924DD00FF2F51 /* MainListTableViewCell.h */,
				764C8CA11B3924DD00FF2F51 /* MainListTableViewCell.m */,
			);
			name = Cells;
			sourceTree = "<group>";
		};
		7658F4611B325FFF00E41A0B = {
			isa = PBXGroup;
			children = (
				7658F46C1B325FFF00E41A0B /* POICollect */,
				7658F4891B325FFF00E41A0B /* POICollectTests */,
				7658F46B1B325FFF00E41A0B /* Products */,
				99035D9FAEDF6BEB17CC7B71 /* Pods */,
				A3903ACEC749488EDA56C839 /* Frameworks */,
			);
			sourceTree = "<group>";
		};
		7658F46B1B325FFF00E41A0B /* Products */ = {
			isa = PBXGroup;
			children = (
				7658F46A1B325FFF00E41A0B /* POICollect.app */,
				7658F4861B325FFF00E41A0B /* POICollectTests.xctest */,
			);
			name = Products;
			sourceTree = "<group>";
		};
		7658F46C1B325FFF00E41A0B /* POICollect */ = {
			isa = PBXGroup;
			children = (
				7658F49C1B32610700E41A0B /* Classes */,
				7658F49B1B32609100E41A0B /* Resources */,
				7658F49A1B32608600E41A0B /* Controllers */,
				7658F4991B32607F00E41A0B /* Venders */,
				7658F4981B32607900E41A0B /* Utils */,
				7658F4971B32607400E41A0B /* Models */,
				7658F4961B32606A00E41A0B /* Views */,
				7658F46D1B325FFF00E41A0B /* Supporting Files */,
			);
			path = POICollect;
			sourceTree = "<group>";
		};
		7658F46D1B325FFF00E41A0B /* Supporting Files */ = {
			isa = PBXGroup;
			children = (
				7658F47A1B325FFF00E41A0B /* Main.storyboard */,
				7658F47D1B325FFF00E41A0B /* Images.xcassets */,
				7658F47F1B325FFF00E41A0B /* LaunchScreen.xib */,
				7658F4741B325FFF00E41A0B /* POICollect.xcdatamodeld */,
				7658F46E1B325FFF00E41A0B /* Info.plist */,
				7658F46F1B325FFF00E41A0B /* main.m */,
				7658F4A51B32627100E41A0B /* POICollect-PrefixHeader.pch */,
			);
			name = "Supporting Files";
			sourceTree = "<group>";
		};
		7658F4891B325FFF00E41A0B /* POICollectTests */ = {
			isa = PBXGroup;
			children = (
				7658F48C1B325FFF00E41A0B /* POICollectTests.m */,
				7658F48A1B325FFF00E41A0B /* Supporting Files */,
			);
			path = POICollectTests;
			sourceTree = "<group>";
		};
		7658F48A1B325FFF00E41A0B /* Supporting Files */ = {
			isa = PBXGroup;
			children = (
				7658F48B1B325FFF00E41A0B /* Info.plist */,
			);
			name = "Supporting Files";
			sourceTree = "<group>";
		};
		7658F4961B32606A00E41A0B /* Views */ = {
			isa = PBXGroup;
			children = (
				764C8C9F1B39248A00FF2F51 /* Cells */,
				A100F86A1B35570600271B2E /* Compnents */,
				769BD6861B3419350089FB39 /* Pages */,
			);
			name = Views;
			sourceTree = "<group>";
		};
		7658F4971B32607400E41A0B /* Models */ = {
			isa = PBXGroup;
			children = (
			);
			name = Models;
			sourceTree = "<group>";
		};
		7658F4981B32607900E41A0B /* Utils */ = {
			isa = PBXGroup;
			children = (
				A1CD5A411B38412F008BC36A /* Animations */,
				7658F4A61B32691D00E41A0B /* Categories */,
			);
			name = Utils;
			sourceTree = "<group>";
		};
		7658F4991B32607F00E41A0B /* Venders */ = {
			isa = PBXGroup;
			children = (
				76615EB51B3D4C8E0064BCB0 /* CMPhotoKit */,
				7625BA691B3C015C00D53440 /* CMDropDownButton */,
				766CC7071B32A3A200DCFFB4 /* CMRoundSegmentControl */,
				766CC7001B328D8A00DCFFB4 /* CMThemeKit */,
			);
			name = Venders;
			sourceTree = "<group>";
		};
		7658F49A1B32608600E41A0B /* Controllers */ = {
			isa = PBXGroup;
			children = (
				7658F4A41B3261F400E41A0B /* Login */,
				7658F4A01B3261C400E41A0B /* Base */,
				764C8C991B38E5FF00FF2F51 /* MainPOIListViewController.h */,
				764C8C9A1B38E5FF00FF2F51 /* MainPOIListViewController.m */,
				764C8CA61B39455200FF2F51 /* AddPOIViewController.h */,
				764C8CA71B39455200FF2F51 /* AddPOIViewController.m */,
			);
			name = Controllers;
			sourceTree = "<group>";
		};
		7658F49B1B32609100E41A0B /* Resources */ = {
			isa = PBXGroup;
			children = (
				7685EA781B3A75CA00AD1645 /* Logins */,
				7685EA751B3A5DB400AD1645 /* Backgrounds */,
			);
			name = Resources;
			sourceTree = "<group>";
		};
		7658F49C1B32610700E41A0B /* Classes */ = {
			isa = PBXGroup;
			children = (
				7658F4711B325FFF00E41A0B /* AppDelegate.h */,
				7658F4721B325FFF00E41A0B /* AppDelegate.m */,
			);
			name = Classes;
			sourceTree = "<group>";
		};
		7658F4A01B3261C400E41A0B /* Base */ = {
			isa = PBXGroup;
			children = (
				7658F4A11B3261EE00E41A0B /* BaseViewController.h */,
				7658F4A21B3261EE00E41A0B /* BaseViewController.m */,
			);
			name = Base;
			sourceTree = "<group>";
		};
		7658F4A41B3261F400E41A0B /* Login */ = {
			isa = PBXGroup;
			children = (
				766CC7041B329BB200DCFFB4 /* LoginViewController.h */,
				766CC7051B329BB200DCFFB4 /* LoginViewController.m */,
				A1CD5A451B384490008BC36A /* TestAnimationViewController.h */,
				A1CD5A461B384490008BC36A /* TestAnimationViewController.m */,
			);
			name = Login;
			sourceTree = "<group>";
		};
		7658F4A61B32691D00E41A0B /* Categories */ = {
			isa = PBXGroup;
			children = (
				7658F4A71B32698E00E41A0B /* UIColor+Expanded.h */,
				7658F4A81B32698E00E41A0B /* UIColor+Expanded.m */,
				A100F86E1B35B5B100271B2E /* UIView+CMExpened.h */,
				A100F86F1B35B5B100271B2E /* UIView+CMExpened.m */,
				A1CD5A3E1B37C27D008BC36A /* UIImage+Expanded.h */,
				A1CD5A3F1B37C27D008BC36A /* UIImage+Expanded.m */,
				764C8CA31B393C5200FF2F51 /* NSString+Expanded.h */,
				764C8CA41B393C5200FF2F51 /* NSString+Expanded.m */,
				76615EAF1B3CFF7E0064BCB0 /* UITableView+Expanded.h */,
				76615EB01B3CFF7E0064BCB0 /* UITableView+Expanded.m */,
			);
			name = Categories;
			sourceTree = "<group>";
		};
		76615EB51B3D4C8E0064BCB0 /* CMPhotoKit */ = {
			isa = PBXGroup;
			children = (
				76615EBB1B3D4D650064BCB0 /* CMPhotoCamera */,
				76615EBA1B3D4D400064BCB0 /* CMPhotoBrowser */,
				76615EB91B3D4D310064BCB0 /* CMPhotoPicker */,
				76615EB61B3D4CC20064BCB0 /* CMPhotoKit.h */,
			);
			name = CMPhotoKit;
			sourceTree = "<group>";
		};
		76615EB91B3D4D310064BCB0 /* CMPhotoPicker */ = {
			isa = PBXGroup;
			children = (
				76615EBE1B3D4E410064BCB0 /* Controllers */,
				76615EBD1B3D4E3B0064BCB0 /* Views */,
				76615EBC1B3D4E320064BCB0 /* Models */,
			);
			name = CMPhotoPicker;
			sourceTree = "<group>";
		};
		76615EBA1B3D4D400064BCB0 /* CMPhotoBrowser */ = {
			isa = PBXGroup;
			children = (
			);
			name = CMPhotoBrowser;
			sourceTree = "<group>";
		};
		76615EBB1B3D4D650064BCB0 /* CMPhotoCamera */ = {
			isa = PBXGroup;
			children = (
			);
			name = CMPhotoCamera;
			sourceTree = "<group>";
		};
		76615EBC1B3D4E320064BCB0 /* Models */ = {
			isa = PBXGroup;
			children = (
			);
			name = Models;
			sourceTree = "<group>";
		};
		76615EBD1B3D4E3B0064BCB0 /* Views */ = {
			isa = PBXGroup;
			children = (
			);
			name = Views;
			sourceTree = "<group>";
		};
		76615EBE1B3D4E410064BCB0 /* Controllers */ = {
			isa = PBXGroup;
			children = (
				76615EBF1B3D4E840064BCB0 /* CMPhotoPickerViewController.h */,
				76615EC01B3D4E840064BCB0 /* CMPhotoPickerViewController.m */,
			);
			name = Controllers;
			sourceTree = "<group>";
		};
		766CC7001B328D8A00DCFFB4 /* CMThemeKit */ = {
			isa = PBXGroup;
			children = (
				766CC7011B328DA800DCFFB4 /* CMThemeKit.h */,
				766CC7021B328DA800DCFFB4 /* CMThemeKit.m */,
			);
			name = CMThemeKit;
			sourceTree = "<group>";
		};
		766CC7071B32A3A200DCFFB4 /* CMRoundSegmentControl */ = {
			isa = PBXGroup;
			children = (
				766CC7081B32A3E000DCFFB4 /* CMRoundSegmentControl.h */,
				766CC7091B32A3E000DCFFB4 /* CMRoundSegmentControl.m */,
				76386F081B33A4B800E8A115 /* CMRoundSegmentedThumb.h */,
				76386F091B33A4B800E8A115 /* CMRoundSegmentedThumb.m */,
			);
			name = CMRoundSegmentControl;
			sourceTree = "<group>";
		};
		7685EA751B3A5DB400AD1645 /* Backgrounds */ = {
			isa = PBXGroup;
			children = (
				7685EA761B3A5E1200AD1645 /* main_bg.png */,
			);
			name = Backgrounds;
			sourceTree = "<group>";
		};
		7685EA781B3A75CA00AD1645 /* Logins */ = {
			isa = PBXGroup;
			children = (
				7685EA791B3A761200AD1645 /* name_ico.png */,
				7685EA7A1B3A761200AD1645 /* pass_ico.png */,
			);
			name = Logins;
			sourceTree = "<group>";
		};
		769BD6861B3419350089FB39 /* Pages */ = {
			isa = PBXGroup;
			children = (
				769BD6871B34194F0089FB39 /* LoginView.h */,
				769BD6881B34194F0089FB39 /* LoginView.m */,
				769BD68A1B3419660089FB39 /* RegisterView.h */,
				769BD68B1B3419660089FB39 /* RegisterView.m */,
			);
			name = Pages;
			sourceTree = "<group>";
		};
		99035D9FAEDF6BEB17CC7B71 /* Pods */ = {
			isa = PBXGroup;
			children = (
				E894C5602C63A8F560BB3637 /* Pods.debug.xcconfig */,
				3F88B26D608DC3CEEF691C2B /* Pods.release.xcconfig */,
			);
			name = Pods;
			sourceTree = "<group>";
		};
		A100F86A1B35570600271B2E /* Compnents */ = {
			isa = PBXGroup;
			children = (
				A100F86B1B35577400271B2E /* CMPageView.h */,
				A100F86C1B35577400271B2E /* CMPageView.m */,
				A1CB74761B3694C400EF062B /* CMSimpleTextView.h */,
				A1CB74771B3694C400EF062B /* CMSimpleTextView.m */,
				A1CD5A3B1B37B34B008BC36A /* CMSimpleButton.h */,
				A1CD5A3C1B37B34B008BC36A /* CMSimpleButton.m */,
				764C8C9C1B38E68D00FF2F51 /* CMRoundBtn.h */,
				764C8C9D1B38E68D00FF2F51 /* CMRoundBtn.m */,
				76E7CBF81B3B897A00D0BBED /* CMSimpleCheckBoxBtn.h */,
				76E7CBF91B3B897A00D0BBED /* CMSimpleCheckBoxBtn.m */,
				76E7CBFB1B3BC70C00D0BBED /* CMCustomWithButtonTextfield.h */,
				76E7CBFC1B3BC70C00D0BBED /* CMCustomWithButtonTextfield.m */,
				76615EB21B3D41150064BCB0 /* CMPhotoPickButton.h */,
				76615EB31B3D41150064BCB0 /* CMPhotoPickButton.m */,
			);
			name = Compnents;
			sourceTree = "<group>";
		};
		A1CD5A411B38412F008BC36A /* Animations */ = {
			isa = PBXGroup;
			children = (
				A1CD5A421B384155008BC36A /* CMCustomAnimation.h */,
				A1CD5A431B384155008BC36A /* CMCustomAnimation.m */,
				A1CD5A4B1B384B4F008BC36A /* CMCustomPopAnimation.h */,
				A1CD5A4C1B384B4F008BC36A /* CMCustomPopAnimation.m */,
				7685EA6F1B3A445B00AD1645 /* CMCustomCircleAnimation.h */,
				7685EA701B3A445B00AD1645 /* CMCustomCircleAnimation.m */,
				7685EA721B3A45BA00AD1645 /* CMCustomBaseAnimation.h */,
				7685EA731B3A45BA00AD1645 /* CMCustomBaseAnimation.m */,
			);
			name = Animations;
			sourceTree = "<group>";
		};
		A3903ACEC749488EDA56C839 /* Frameworks */ = {
			isa = PBXGroup;
			children = (
				6F54E2C1591D38029EA79878 /* libPods.a */,
			);
			name = Frameworks;
			sourceTree = "<group>";
		};
/* End PBXGroup section */

/* Begin PBXNativeTarget section */
		7658F4691B325FFF00E41A0B /* POICollect */ = {
			isa = PBXNativeTarget;
			buildConfigurationList = 7658F4901B325FFF00E41A0B /* Build configuration list for PBXNativeTarget "POICollect" */;
			buildPhases = (
				7AF7AB95581B2B3C351CC077 /* Check Pods Manifest.lock */,
				7658F4661B325FFF00E41A0B /* Sources */,
				7658F4671B325FFF00E41A0B /* Frameworks */,
				7658F4681B325FFF00E41A0B /* Resources */,
				D4CF8A5FD5BB725FE39A112C /* Copy Pods Resources */,
			);
			buildRules = (
			);
			dependencies = (
			);
			name = POICollect;
			productName = POICollect;
			productReference = 7658F46A1B325FFF00E41A0B /* POICollect.app */;
			productType = "com.apple.product-type.application";
		};
		7658F4851B325FFF00E41A0B /* POICollectTests */ = {
			isa = PBXNativeTarget;
			buildConfigurationList = 7658F4931B325FFF00E41A0B /* Build configuration list for PBXNativeTarget "POICollectTests" */;
			buildPhases = (
				7658F4821B325FFF00E41A0B /* Sources */,
				7658F4831B325FFF00E41A0B /* Frameworks */,
				7658F4841B325FFF00E41A0B /* Resources */,
			);
			buildRules = (
			);
			dependencies = (
				7658F4881B325FFF00E41A0B /* PBXTargetDependency */,
			);
			name = POICollectTests;
			productName = POICollectTests;
			productReference = 7658F4861B325FFF00E41A0B /* POICollectTests.xctest */;
			productType = "com.apple.product-type.bundle.unit-test";
		};
/* End PBXNativeTarget section */

/* Begin PBXProject section */
		7658F4621B325FFF00E41A0B /* Project object */ = {
			isa = PBXProject;
			attributes = {
				LastUpgradeCheck = 0620;
				ORGANIZATIONNAME = cm;
				TargetAttributes = {
					7658F4691B325FFF00E41A0B = {
						CreatedOnToolsVersion = 6.2;
						DevelopmentTeam = MLM69685J6;
					};
					7658F4851B325FFF00E41A0B = {
						CreatedOnToolsVersion = 6.2;
						TestTargetID = 7658F4691B325FFF00E41A0B;
					};
				};
			};
			buildConfigurationList = 7658F4651B325FFF00E41A0B /* Build configuration list for PBXProject "POICollect" */;
			compatibilityVersion = "Xcode 3.2";
			developmentRegion = English;
			hasScannedForEncodings = 0;
			knownRegions = (
				en,
				Base,
			);
			mainGroup = 7658F4611B325FFF00E41A0B;
			productRefGroup = 7658F46B1B325FFF00E41A0B /* Products */;
			projectDirPath = "";
			projectRoot = "";
			targets = (
				7658F4691B325FFF00E41A0B /* POICollect */,
				7658F4851B325FFF00E41A0B /* POICollectTests */,
			);
		};
/* End PBXProject section */

/* Begin PBXResourcesBuildPhase section */
		7658F4681B325FFF00E41A0B /* Resources */ = {
			isa = PBXResourcesBuildPhase;
			buildActionMask = 2147483647;
			files = (
				7685EA7C1B3A761200AD1645 /* pass_ico.png in Resources */,
				7658F47C1B325FFF00E41A0B /* Main.storyboard in Resources */,
				7685EA7B1B3A761200AD1645 /* name_ico.png in Resources */,
				7658F4811B325FFF00E41A0B /* LaunchScreen.xib in Resources */,
				7658F47E1B325FFF00E41A0B /* Images.xcassets in Resources */,
				7685EA771B3A5E1200AD1645 /* main_bg.png in Resources */,
			);
			runOnlyForDeploymentPostprocessing = 0;
		};
		7658F4841B325FFF00E41A0B /* Resources */ = {
			isa = PBXResourcesBuildPhase;
			buildActionMask = 2147483647;
			files = (
			);
			runOnlyForDeploymentPostprocessing = 0;
		};
/* End PBXResourcesBuildPhase section */

/* Begin PBXShellScriptBuildPhase section */
		7AF7AB95581B2B3C351CC077 /* Check Pods Manifest.lock */ = {
			isa = PBXShellScriptBuildPhase;
			buildActionMask = 2147483647;
			files = (
			);
			inputPaths = (
			);
			name = "Check Pods Manifest.lock";
			outputPaths = (
			);
			runOnlyForDeploymentPostprocessing = 0;
			shellPath = /bin/sh;
			shellScript = "diff \"${PODS_ROOT}/../Podfile.lock\" \"${PODS_ROOT}/Manifest.lock\" > /dev/null\nif [[ $? != 0 ]] ; then\n    cat << EOM\nerror: The sandbox is not in sync with the Podfile.lock. Run 'pod install' or update your CocoaPods installation.\nEOM\n    exit 1\nfi\n";
			showEnvVarsInLog = 0;
		};
		D4CF8A5FD5BB725FE39A112C /* Copy Pods Resources */ = {
			isa = PBXShellScriptBuildPhase;
			buildActionMask = 2147483647;
			files = (
			);
			inputPaths = (
			);
			name = "Copy Pods Resources";
			outputPaths = (
			);
			runOnlyForDeploymentPostprocessing = 0;
			shellPath = /bin/sh;
			shellScript = "\"${SRCROOT}/Pods/Target Support Files/Pods/Pods-resources.sh\"\n";
			showEnvVarsInLog = 0;
		};
/* End PBXShellScriptBuildPhase section */

/* Begin PBXSourcesBuildPhase section */
		7658F4661B325FFF00E41A0B /* Sources */ = {
			isa = PBXSourcesBuildPhase;
			buildActionMask = 2147483647;
			files = (
				A100F8701B35B5B100271B2E /* UIView+CMExpened.m in Sources */,
				764C8CA81B39455200FF2F51 /* AddPOIViewController.m in Sources */,
				A1CD5A471B384490008BC36A /* TestAnimationViewController.m in Sources */,
				764C8C9B1B38E5FF00FF2F51 /* MainPOIListViewController.m in Sources */,
				A1CB74781B3694C400EF062B /* CMSimpleTextView.m in Sources */,
				A1CD5A401B37C27D008BC36A /* UIImage+Expanded.m in Sources */,
				76615EB11B3CFF7E0064BCB0 /* UITableView+Expanded.m in Sources */,
				76615EC11B3D4E840064BCB0 /* CMPhotoPickerViewController.m in Sources */,
				7658F4731B325FFF00E41A0B /* AppDelegate.m in Sources */,
				A1CD5A4D1B384B4F008BC36A /* CMCustomPopAnimation.m in Sources */,
				76E7CBFD1B3BC70C00D0BBED /* CMCustomWithButtonTextfield.m in Sources */,
				7658F4A31B3261EE00E41A0B /* BaseViewController.m in Sources */,
				766CC7031B328DA800DCFFB4 /* CMThemeKit.m in Sources */,
				7658F4701B325FFF00E41A0B /* main.m in Sources */,
				769BD68C1B3419660089FB39 /* RegisterView.m in Sources */,
				7625BA6C1B3C01B600D53440 /* CMDropdownButton.m in Sources */,
				766CC7061B329BB200DCFFB4 /* LoginViewController.m in Sources */,
				764C8CA51B393C5200FF2F51 /* NSString+Expanded.m in Sources */,
				76386F0A1B33A4B800E8A115 /* CMRoundSegmentedThumb.m in Sources */,
				A100F86D1B35577400271B2E /* CMPageView.m in Sources */,
				764C8CA21B3924DD00FF2F51 /* MainListTableViewCell.m in Sources */,
				A1CD5A3D1B37B34B008BC36A /* CMSimpleButton.m in Sources */,
				7685EA741B3A45BA00AD1645 /* CMCustomBaseAnimation.m in Sources */,
				76615EAB1B3CDD190064BCB0 /* CMDropdownButtonArrowView.m in Sources */,
				7658F4761B325FFF00E41A0B /* POICollect.xcdatamodeld in Sources */,
				A1CD5A441B384155008BC36A /* CMCustomAnimation.m in Sources */,
				76615EB41B3D41150064BCB0 /* CMPhotoPickButton.m in Sources */,
				766CC70A1B32A3E000DCFFB4 /* CMRoundSegmentControl.m in Sources */,
				76615EAE1B3CFC6C0064BCB0 /* CMDropdownButtonTableViewCell.m in Sources */,
				7685EA711B3A445B00AD1645 /* CMCustomCircleAnimation.m in Sources */,
				76E7CBFA1B3B897A00D0BBED /* CMSimpleCheckBoxBtn.m in Sources */,
				764C8C9E1B38E68D00FF2F51 /* CMRoundBtn.m in Sources */,
				769BD6891B34194F0089FB39 /* LoginView.m in Sources */,
				7658F4A91B32698E00E41A0B /* UIColor+Expanded.m in Sources */,
			);
			runOnlyForDeploymentPostprocessing = 0;
		};
		7658F4821B325FFF00E41A0B /* Sources */ = {
			isa = PBXSourcesBuildPhase;
			buildActionMask = 2147483647;
			files = (
				7658F48D1B325FFF00E41A0B /* POICollectTests.m in Sources */,
			);
			runOnlyForDeploymentPostprocessing = 0;
		};
/* End PBXSourcesBuildPhase section */

/* Begin PBXTargetDependency section */
		7658F4881B325FFF00E41A0B /* PBXTargetDependency */ = {
			isa = PBXTargetDependency;
			target = 7658F4691B325FFF00E41A0B /* POICollect */;
			targetProxy = 7658F4871B325FFF00E41A0B /* PBXContainerItemProxy */;
		};
/* End PBXTargetDependency section */

/* Begin PBXVariantGroup section */
		7658F47A1B325FFF00E41A0B /* Main.storyboard */ = {
			isa = PBXVariantGroup;
			children = (
				7658F47B1B325FFF00E41A0B /* Base */,
			);
			name = Main.storyboard;
			sourceTree = "<group>";
		};
		7658F47F1B325FFF00E41A0B /* LaunchScreen.xib */ = {
			isa = PBXVariantGroup;
			children = (
				7658F4801B325FFF00E41A0B /* Base */,
			);
			name = LaunchScreen.xib;
			sourceTree = "<group>";
		};
/* End PBXVariantGroup section */

/* Begin XCBuildConfiguration section */
		7658F48E1B325FFF00E41A0B /* Debug */ = {
			isa = XCBuildConfiguration;
			buildSettings = {
				ALWAYS_SEARCH_USER_PATHS = NO;
				CLANG_CXX_LANGUAGE_STANDARD = "gnu++0x";
				CLANG_CXX_LIBRARY = "libc++";
				CLANG_ENABLE_MODULES = YES;
				CLANG_ENABLE_OBJC_ARC = YES;
				CLANG_WARN_BOOL_CONVERSION = YES;
				CLANG_WARN_CONSTANT_CONVERSION = YES;
				CLANG_WARN_DIRECT_OBJC_ISA_USAGE = YES_ERROR;
				CLANG_WARN_EMPTY_BODY = YES;
				CLANG_WARN_ENUM_CONVERSION = YES;
				CLANG_WARN_INT_CONVERSION = YES;
				CLANG_WARN_OBJC_ROOT_CLASS = YES_ERROR;
				CLANG_WARN_UNREACHABLE_CODE = YES;
				CLANG_WARN__DUPLICATE_METHOD_MATCH = YES;
				"CODE_SIGN_IDENTITY[sdk=iphoneos*]" = "iPhone Developer";
				COPY_PHASE_STRIP = NO;
				ENABLE_STRICT_OBJC_MSGSEND = YES;
				GCC_C_LANGUAGE_STANDARD = gnu99;
				GCC_DYNAMIC_NO_PIC = NO;
				GCC_OPTIMIZATION_LEVEL = 0;
				GCC_PREPROCESSOR_DEFINITIONS = (
					"DEBUG=1",
					"$(inherited)",
				);
				GCC_SYMBOLS_PRIVATE_EXTERN = NO;
				GCC_WARN_64_TO_32_BIT_CONVERSION = YES;
				GCC_WARN_ABOUT_RETURN_TYPE = YES_ERROR;
				GCC_WARN_UNDECLARED_SELECTOR = YES;
				GCC_WARN_UNINITIALIZED_AUTOS = YES_AGGRESSIVE;
				GCC_WARN_UNUSED_FUNCTION = YES;
				GCC_WARN_UNUSED_VARIABLE = YES;
				IPHONEOS_DEPLOYMENT_TARGET = 8.2;
				MTL_ENABLE_DEBUG_INFO = YES;
				ONLY_ACTIVE_ARCH = YES;
				SDKROOT = iphoneos;
			};
			name = Debug;
		};
		7658F48F1B325FFF00E41A0B /* Release */ = {
			isa = XCBuildConfiguration;
			buildSettings = {
				ALWAYS_SEARCH_USER_PATHS = NO;
				CLANG_CXX_LANGUAGE_STANDARD = "gnu++0x";
				CLANG_CXX_LIBRARY = "libc++";
				CLANG_ENABLE_MODULES = YES;
				CLANG_ENABLE_OBJC_ARC = YES;
				CLANG_WARN_BOOL_CONVERSION = YES;
				CLANG_WARN_CONSTANT_CONVERSION = YES;
				CLANG_WARN_DIRECT_OBJC_ISA_USAGE = YES_ERROR;
				CLANG_WARN_EMPTY_BODY = YES;
				CLANG_WARN_ENUM_CONVERSION = YES;
				CLANG_WARN_INT_CONVERSION = YES;
				CLANG_WARN_OBJC_ROOT_CLASS = YES_ERROR;
				CLANG_WARN_UNREACHABLE_CODE = YES;
				CLANG_WARN__DUPLICATE_METHOD_MATCH = YES;
				"CODE_SIGN_IDENTITY[sdk=iphoneos*]" = "iPhone Developer";
				COPY_PHASE_STRIP = NO;
				ENABLE_NS_ASSERTIONS = NO;
				ENABLE_STRICT_OBJC_MSGSEND = YES;
				GCC_C_LANGUAGE_STANDARD = gnu99;
				GCC_WARN_64_TO_32_BIT_CONVERSION = YES;
				GCC_WARN_ABOUT_RETURN_TYPE = YES_ERROR;
				GCC_WARN_UNDECLARED_SELECTOR = YES;
				GCC_WARN_UNINITIALIZED_AUTOS = YES_AGGRESSIVE;
				GCC_WARN_UNUSED_FUNCTION = YES;
				GCC_WARN_UNUSED_VARIABLE = YES;
				IPHONEOS_DEPLOYMENT_TARGET = 8.2;
				MTL_ENABLE_DEBUG_INFO = NO;
				SDKROOT = iphoneos;
				VALIDATE_PRODUCT = YES;
			};
			name = Release;
		};
		7658F4911B325FFF00E41A0B /* Debug */ = {
			isa = XCBuildConfiguration;
			baseConfigurationReference = E894C5602C63A8F560BB3637 /* Pods.debug.xcconfig */;
			buildSettings = {
				ASSETCATALOG_COMPILER_APPICON_NAME = AppIcon;
				CODE_SIGN_IDENTITY = "iPhone Developer";
				GCC_PRECOMPILE_PREFIX_HEADER = NO;
				GCC_PREFIX_HEADER = "$(SRCROOT)/POICollect/POICollect-PrefixHeader.pch";
				INFOPLIST_FILE = POICollect/Info.plist;
				LD_RUNPATH_SEARCH_PATHS = "$(inherited) @executable_path/Frameworks";
				PRODUCT_NAME = "$(TARGET_NAME)";
			};
			name = Debug;
		};
		7658F4921B325FFF00E41A0B /* Release */ = {
			isa = XCBuildConfiguration;
			baseConfigurationReference = 3F88B26D608DC3CEEF691C2B /* Pods.release.xcconfig */;
			buildSettings = {
				ASSETCATALOG_COMPILER_APPICON_NAME = AppIcon;
				CODE_SIGN_IDENTITY = "iPhone Developer";
				GCC_PRECOMPILE_PREFIX_HEADER = NO;
				GCC_PREFIX_HEADER = "$(SRCROOT)/POICollect/POICollect-PrefixHeader.pch";
				INFOPLIST_FILE = POICollect/Info.plist;
				LD_RUNPATH_SEARCH_PATHS = "$(inherited) @executable_path/Frameworks";
				PRODUCT_NAME = "$(TARGET_NAME)";
			};
			name = Release;
		};
		7658F4941B325FFF00E41A0B /* Debug */ = {
			isa = XCBuildConfiguration;
			buildSettings = {
				BUNDLE_LOADER = "$(TEST_HOST)";
				FRAMEWORK_SEARCH_PATHS = (
					"$(SDKROOT)/Developer/Library/Frameworks",
					"$(inherited)",
				);
				GCC_PREPROCESSOR_DEFINITIONS = (
					"DEBUG=1",
					"$(inherited)",
				);
				INFOPLIST_FILE = POICollectTests/Info.plist;
				LD_RUNPATH_SEARCH_PATHS = "$(inherited) @executable_path/Frameworks @loader_path/Frameworks";
				PRODUCT_NAME = "$(TARGET_NAME)";
				TEST_HOST = "$(BUILT_PRODUCTS_DIR)/POICollect.app/POICollect";
			};
			name = Debug;
		};
		7658F4951B325FFF00E41A0B /* Release */ = {
			isa = XCBuildConfiguration;
			buildSettings = {
				BUNDLE_LOADER = "$(TEST_HOST)";
				FRAMEWORK_SEARCH_PATHS = (
					"$(SDKROOT)/Developer/Library/Frameworks",
					"$(inherited)",
				);
				INFOPLIST_FILE = POICollectTests/Info.plist;
				LD_RUNPATH_SEARCH_PATHS = "$(inherited) @executable_path/Frameworks @loader_path/Frameworks";
				PRODUCT_NAME = "$(TARGET_NAME)";
				TEST_HOST = "$(BUILT_PRODUCTS_DIR)/POICollect.app/POICollect";
			};
			name = Release;
		};
/* End XCBuildConfiguration section */

/* Begin XCConfigurationList section */
		7658F4651B325FFF00E41A0B /* Build configuration list for PBXProject "POICollect" */ = {
			isa = XCConfigurationList;
			buildConfigurations = (
				7658F48E1B325FFF00E41A0B /* Debug */,
				7658F48F1B325FFF00E41A0B /* Release */,
			);
			defaultConfigurationIsVisible = 0;
			defaultConfigurationName = Release;
		};
		7658F4901B325FFF00E41A0B /* Build configuration list for PBXNativeTarget "POICollect" */ = {
			isa = XCConfigurationList;
			buildConfigurations = (
				7658F4911B325FFF00E41A0B /* Debug */,
				7658F4921B325FFF00E41A0B /* Release */,
			);
			defaultConfigurationIsVisible = 0;
			defaultConfigurationName = Release;
		};
		7658F4931B325FFF00E41A0B /* Build configuration list for PBXNativeTarget "POICollectTests" */ = {
			isa = XCConfigurationList;
			buildConfigurations = (
				7658F4941B325FFF00E41A0B /* Debug */,
				7658F4951B325FFF00E41A0B /* Release */,
			);
			defaultConfigurationIsVisible = 0;
			defaultConfigurationName = Release;
		};
/* End XCConfigurationList section */

/* Begin XCVersionGroup section */
		7658F4741B325FFF00E41A0B /* POICollect.xcdatamodeld */ = {
			isa = XCVersionGroup;
			children = (
				7658F4751B325FFF00E41A0B /* POICollect.xcdatamodel */,
			);
			currentVersion = 7658F4751B325FFF00E41A0B /* POICollect.xcdatamodel */;
			path = POICollect.xcdatamodeld;
			sourceTree = "<group>";
			versionGroupType = wrapper.xcdatamodel;
		};
/* End XCVersionGroup section */
	};
	rootObject = 7658F4621B325FFF00E41A0B /* Project object */;
}
